
Microsoft Visual Studio Solution File, Format Version 12.00
# Visual Studio Version 16
VisualStudioVersion = 16.0.31729.503
MinimumVisualStudioVersion = 10.0.40219.1
Project("{FAE04EC0-301F-11D3-BF4B-00C04F79EFBC}") = "PetShopWinform", "PetShopWinform\PetShopWinform.csproj", "{79BEBC23-35BB-4DEE-814A-06BBE6829E79}"
EndProject
Project("{2150E333-8FDC-42A3-9474-1A3956D46DE8}") = "Solution Items", "Solution Items", "{3B062940-ED70-418B-88D7-70FB3AA369C0}"
	ProjectSection(SolutionItems) = preProject
		.editorconfig = .editorconfig
	EndProjectSection
EndProject
Global
	GlobalSection(SolutionConfigurationPlatforms) = preSolution
		Debug|Any CPU = Debug|Any CPU
		Release|Any CPU = Release|Any CPU
	EndGlobalSection
	GlobalSection(ProjectConfigurationPlatforms) = postSolution
		{79BEBC23-35BB-4DEE-814A-06BBE6829E79}.Debug|Any CPU.ActiveCfg = Debug|Any CPU
		{79BEBC23-35BB-4DEE-814A-06BBE6829E79}.Debug|Any CPU.Build.0 = Debug|Any CPU
		{79BEBC23-35BB-4DEE-814A-06BBE6829E79}.Release|Any CPU.ActiveCfg = Release|Any CPU
		{79BEBC23-35BB-4DEE-814A-06BBE6829E79}.Release|Any CPU.Build.0 = Release|Any CPU
	EndGlobalSection
	GlobalSection(SolutionProperties) = preSolution
		HideSolutionNode = FALSE
	EndGlobalSection
	GlobalSection(ExtensibilityGlobals) = postSolution
		SolutionGuid = {184BBCEB-1B1E-492D-A6E1-F37A98235B21}
	EndGlobalSection
EndGlobal
